
Microsoft Visual Studio Solution File, Format Version 12.00
# Visual Studio Version 16
VisualStudioVersion = 16.0.33214.272
MinimumVisualStudioVersion = 10.0.40219.1
Project("{FAE04EC0-301F-11D3-BF4B-00C04F79EFBC}") = "LogIn TuProductoOnline", "LogIn TuProductoOnline\LogIn TuProductoOnline.csproj", "{B7DF637A-BB03-432D-872C-AB3B2C29AC34}"
EndProject
Global
	GlobalSection(SolutionConfigurationPlatforms) = preSolution
		Debug|Any CPU = Debug|Any CPU
		Release|Any CPU = Release|Any CPU
	EndGlobalSection
	GlobalSection(ProjectConfigurationPlatforms) = postSolution
		{B7DF637A-BB03-432D-872C-AB3B2C29AC34}.Debug|Any CPU.ActiveCfg = Debug|Any CPU
		{B7DF637A-BB03-432D-872C-AB3B2C29AC34}.Debug|Any CPU.Build.0 = Debug|Any CPU
		{B7DF637A-BB03-432D-872C-AB3B2C29AC34}.Release|Any CPU.ActiveCfg = Release|Any CPU
		{B7DF637A-BB03-432D-872C-AB3B2C29AC34}.Release|Any CPU.Build.0 = Release|Any CPU
	EndGlobalSection
	GlobalSection(SolutionProperties) = preSolution
		HideSolutionNode = FALSE
	EndGlobalSection
	GlobalSection(ExtensibilityGlobals) = postSolution
		SolutionGuid = {524EBAFA-166A-4932-A4B3-3404CE28F891}
	EndGlobalSection
EndGlobal
